
Microsoft Visual Studio Solution File, Format Version 12.00
# Visual Studio Version 16
VisualStudioVersion = 16.0.29920.165
MinimumVisualStudioVersion = 10.0.40219.1
Project("{9A19103F-16F7-4668-BE54-9A1E7A4F7556}") = "BoardGameDesigner.DesktopApp", "BoardGameDesigner.DesktopApp\BoardGameDesigner.DesktopApp.csproj", "{0ABEF171-A9C1-4368-AD7C-35A55AC207B9}"
EndProject
Project("{9A19103F-16F7-4668-BE54-9A1E7A4F7556}") = "BoardGameDesigner.Model", "BoardGameDesigner.Model\BoardGameDesigner.Model.csproj", "{BFE19A4C-75F9-4CBB-B1EC-BF0F100DEAF4}"
EndProject
Project("{9A19103F-16F7-4668-BE54-9A1E7A4F7556}") = "BoardGameDesigner.ViewModel", "BoardGameDesigner.ViewModel\BoardGameDesigner.ViewModel.csproj", "{7F78F7B1-99AE-4B7E-8404-E8D3117A08D2}"
EndProject
Project("{FAE04EC0-301F-11D3-BF4B-00C04F79EFBC}") = "BoardGameDesigner.DataAccessLayer", "BoardGameDesigner.DataAccessLayer\BoardGameDesigner.DataAccessLayer.csproj", "{D4D4F1AC-FC6C-406A-9E74-2C5F48F45D7A}"
EndProject
Project("{FAE04EC0-301F-11D3-BF4B-00C04F79EFBC}") = "BoardGameDesigner.BusinessLayer", "BoardGameDesigner.BusinessLayer\BoardGameDesigner.BusinessLayer.csproj", "{DBA6F8EA-707C-40E4-9757-E9A63C36D3F9}"
EndProject
Global
	GlobalSection(SolutionConfigurationPlatforms) = preSolution
		Debug|Any CPU = Debug|Any CPU
		Release|Any CPU = Release|Any CPU
	EndGlobalSection
	GlobalSection(ProjectConfigurationPlatforms) = postSolution
		{0ABEF171-A9C1-4368-AD7C-35A55AC207B9}.Debug|Any CPU.ActiveCfg = Debug|Any CPU
		{0ABEF171-A9C1-4368-AD7C-35A55AC207B9}.Debug|Any CPU.Build.0 = Debug|Any CPU
		{0ABEF171-A9C1-4368-AD7C-35A55AC207B9}.Release|Any CPU.ActiveCfg = Release|Any CPU
		{0ABEF171-A9C1-4368-AD7C-35A55AC207B9}.Release|Any CPU.Build.0 = Release|Any CPU
		{BFE19A4C-75F9-4CBB-B1EC-BF0F100DEAF4}.Debug|Any CPU.ActiveCfg = Debug|Any CPU
		{BFE19A4C-75F9-4CBB-B1EC-BF0F100DEAF4}.Debug|Any CPU.Build.0 = Debug|Any CPU
		{BFE19A4C-75F9-4CBB-B1EC-BF0F100DEAF4}.Release|Any CPU.ActiveCfg = Release|Any CPU
		{BFE19A4C-75F9-4CBB-B1EC-BF0F100DEAF4}.Release|Any CPU.Build.0 = Release|Any CPU
		{7F78F7B1-99AE-4B7E-8404-E8D3117A08D2}.Debug|Any CPU.ActiveCfg = Debug|Any CPU
		{7F78F7B1-99AE-4B7E-8404-E8D3117A08D2}.Debug|Any CPU.Build.0 = Debug|Any CPU
		{7F78F7B1-99AE-4B7E-8404-E8D3117A08D2}.Release|Any CPU.ActiveCfg = Release|Any CPU
		{7F78F7B1-99AE-4B7E-8404-E8D3117A08D2}.Release|Any CPU.Build.0 = Release|Any CPU
		{D4D4F1AC-FC6C-406A-9E74-2C5F48F45D7A}.Debug|Any CPU.ActiveCfg = Debug|Any CPU
		{D4D4F1AC-FC6C-406A-9E74-2C5F48F45D7A}.Debug|Any CPU.Build.0 = Debug|Any CPU
		{D4D4F1AC-FC6C-406A-9E74-2C5F48F45D7A}.Release|Any CPU.ActiveCfg = Release|Any CPU
		{D4D4F1AC-FC6C-406A-9E74-2C5F48F45D7A}.Release|Any CPU.Build.0 = Release|Any CPU
		{DBA6F8EA-707C-40E4-9757-E9A63C36D3F9}.Debug|Any CPU.ActiveCfg = Debug|Any CPU
		{DBA6F8EA-707C-40E4-9757-E9A63C36D3F9}.Debug|Any CPU.Build.0 = Debug|Any CPU
		{DBA6F8EA-707C-40E4-9757-E9A63C36D3F9}.Release|Any CPU.ActiveCfg = Release|Any CPU
		{DBA6F8EA-707C-40E4-9757-E9A63C36D3F9}.Release|Any CPU.Build.0 = Release|Any CPU
	EndGlobalSection
	GlobalSection(SolutionProperties) = preSolution
		HideSolutionNode = FALSE
	EndGlobalSection
	GlobalSection(ExtensibilityGlobals) = postSolution
		SolutionGuid = {AA45C4F3-64AD-42DF-B6A6-FA4B9F13011B}
	EndGlobalSection
EndGlobal
